// !$*UTF8*$!
{
	archiveVersion = 1;
	classes = {
	};
	objectVersion = 50;
	objects = {

/* Begin PBXBuildFile section */
		F9F72E0E24EB6B0F00814BB3 /* AppDelegate.swift in Sources */ = {isa = PBXBuildFile; fileRef = F9F72E0D24EB6B0F00814BB3 /* AppDelegate.swift */; };
		F9F72E1024EB6B0F00814BB3 /* SceneDelegate.swift in Sources */ = {isa = PBXBuildFile; fileRef = F9F72E0F24EB6B0F00814BB3 /* SceneDelegate.swift */; };
		F9F72E1224EB6B0F00814BB3 /* ViewController.swift in Sources */ = {isa = PBXBuildFile; fileRef = F9F72E1124EB6B0F00814BB3 /* ViewController.swift */; };
		F9F72E1524EB6B0F00814BB3 /* Main.storyboard in Resources */ = {isa = PBXBuildFile; fileRef = F9F72E1324EB6B0F00814BB3 /* Main.storyboard */; };
		F9F72E1724EB6B1100814BB3 /* Assets.xcassets in Resources */ = {isa = PBXBuildFile; fileRef = F9F72E1624EB6B1100814BB3 /* Assets.xcassets */; };
		F9F72E1A24EB6B1100814BB3 /* LaunchScreen.storyboard in Resources */ = {isa = PBXBuildFile; fileRef = F9F72E1824EB6B1100814BB3 /* LaunchScreen.storyboard */; };
		F9F72E2524EB6B1100814BB3 /* tipTests.swift in Sources */ = {isa = PBXBuildFile; fileRef = F9F72E2424EB6B1100814BB3 /* tipTests.swift */; };
		F9F72E3024EB6B1100814BB3 /* tipUITests.swift in Sources */ = {isa = PBXBuildFile; fileRef = F9F72E2F24EB6B1100814BB3 /* tipUITests.swift */; };
/* End PBXBuildFile section */

/* Begin PBXContainerItemProxy section */
		F9F72E2124EB6B1100814BB3 /* PBXContainerItemProxy */ = {
			isa = PBXContainerItemProxy;
			containerPortal = F9F72E0224EB6B0F00814BB3 /* Project object */;
			proxyType = 1;
			remoteGlobalIDString = F9F72E0924EB6B0F00814BB3;
			remoteInfo = tip;
		};
		F9F72E2C24EB6B1100814BB3 /* PBXContainerItemProxy */ = {
			isa = PBXContainerItemProxy;
			containerPortal = F9F72E0224EB6B0F00814BB3 /* Project object */;
			proxyType = 1;
			remoteGlobalIDString = F9F72E0924EB6B0F00814BB3;
			remoteInfo = tip;
		};
/* End PBXContainerItemProxy section */

/* Begin PBXFileReference section */
		F9F72E0A24EB6B0F00814BB3 /* tip.app */ = {isa = PBXFileReference; explicitFileType = wrapper.application; includeInIndex = 0; path = tip.app; sourceTree = BUILT_PRODUCTS_DIR; };
		F9F72E0D24EB6B0F00814BB3 /* AppDelegate.swift */ = {isa = PBXFileReference; lastKnownFileType = sourcecode.swift; path = AppDelegate.swift; sourceTree = "<group>"; };
		F9F72E0F24EB6B0F00814BB3 /* SceneDelegate.swift */ = {isa = PBXFileReference; lastKnownFileType = sourcecode.swift; path = SceneDelegate.swift; sourceTree = "<group>"; };
		F9F72E1124EB6B0F00814BB3 /* ViewController.swift */ = {isa = PBXFileReference; lastKnownFileType = sourcecode.swift; path = ViewController.swift; sourceTree = "<group>"; };
		F9F72E1424EB6B0F00814BB3 /* Base */ = {isa = PBXFileReference; lastKnownFileType = file.storyboard; name = Base; path = Base.lproj/Main.storyboard; sourceTree = "<group>"; };
		F9F72E1624EB6B1100814BB3 /* Assets.xcassets */ = {isa = PBXFileReference; lastKnownFileType = folder.assetcatalog; path = Assets.xcassets; sourceTree = "<group>"; };
		F9F72E1924EB6B1100814BB3 /* Base */ = {isa = PBXFileReference; lastKnownFileType = file.storyboard; name = Base; path = Base.lproj/LaunchScreen.storyboard; sourceTree = "<group>"; };
		F9F72E1B24EB6B1100814BB3 /* Info.plist */ = {isa = PBXFileReference; lastKnownFileType = text.plist.xml; path = Info.plist; sourceTree = "<group>"; };
		F9F72E2024EB6B1100814BB3 /* tipTests.xctest */ = {isa = PBXFileReference; explicitFileType = wrapper.cfbundle; includeInIndex = 0; path = tipTests.xctest; sourceTree = BUILT_PRODUCTS_DIR; };
		F9F72E2424EB6B1100814BB3 /* tipTests.swift */ = {isa = PBXFileReference; lastKnownFileType = sourcecode.swift; path = tipTests.swift; sourceTree = "<group>"; };
		F9F72E2624EB6B1100814BB3 /* Info.plist */ = {isa = PBXFileReference; lastKnownFileType = text.plist.xml; path = Info.plist; sourceTree = "<group>"; };
		F9F72E2B24EB6B1100814BB3 /* tipUITests.xctest */ = {isa = PBXFileReference; explicitFileType = wrapper.cfbundle; includeInIndex = 0; path = tipUITests.xctest; sourceTree = BUILT_PRODUCTS_DIR; };
		F9F72E2F24EB6B1100814BB3 /* tipUITests.swift */ = {isa = PBXFileReference; lastKnownFileType = sourcecode.swift; path = tipUITests.swift; sourceTree = "<group>"; };
		F9F72E3124EB6B1100814BB3 /* Info.plist */ = {isa = PBXFileReference; lastKnownFileType = text.plist.xml; path = Info.plist; sourceTree = "<group>"; };
/* End PBXFileReference section */

/* Begin PBXFrameworksBuildPhase section */
		F9F72E0724EB6B0F00814BB3 /* Frameworks */ = {
			isa = PBXFrameworksBuildPhase;
			buildActionMask = 2147483647;
			files = (
			);
			runOnlyForDeploymentPostprocessing = 0;
		};
		F9F72E1D24EB6B1100814BB3 /* Frameworks */ = {
			isa = PBXFrameworksBuildPhase;
			buildActionMask = 2147483647;
			files = (
			);
			runOnlyForDeploymentPostprocessing = 0;
		};
		F9F72E2824EB6B1100814BB3 /* Frameworks */ = {
			isa = PBXFrameworksBuildPhase;
			buildActionMask = 2147483647;
			files = (
			);
			runOnlyForDeploymentPostprocessing = 0;
		};
/* End PBXFrameworksBuildPhase section */

/* Begin PBXGroup section */
		F9F72E0124EB6B0F00814BB3 = {
			isa = PBXGroup;
			children = (
				F9F72E0C24EB6B0F00814BB3 /* tip */,
				F9F72E2324EB6B1100814BB3 /* tipTests */,
				F9F72E2E24EB6B1100814BB3 /* tipUITests */,
				F9F72E0B24EB6B0F00814BB3 /* Products */,
			);
			sourceTree = "<group>";
		};
		F9F72E0B24EB6B0F00814BB3 /* Products */ = {
			isa = PBXGroup;
			children = (
				F9F72E0A24EB6B0F00814BB3 /* tip.app */,
				F9F72E2024EB6B1100814BB3 /* tipTests.xctest */,
				F9F72E2B24EB6B1100814BB3 /* tipUITests.xctest */,
			);
			name = Products;
			sourceTree = "<group>";
		};
		F9F72E0C24EB6B0F00814BB3 /* tip */ = {
			isa = PBXGroup;
			children = (
				F9F72E0D24EB6B0F00814BB3 /* AppDelegate.swift */,
				F9F72E0F24EB6B0F00814BB3 /* SceneDelegate.swift */,
				F9F72E1124EB6B0F00814BB3 /* ViewController.swift */,
				F9F72E1324EB6B0F00814BB3 /* Main.storyboard */,
				F9F72E1624EB6B1100814BB3 /* Assets.xcassets */,
				F9F72E1824EB6B1100814BB3 /* LaunchScreen.storyboard */,
				F9F72E1B24EB6B1100814BB3 /* Info.plist */,
			);
			path = tip;
			sourceTree = "<group>";
		};
		F9F72E2324EB6B1100814BB3 /* tipTests */ = {
			isa = PBXGroup;
			children = (
				F9F72E2424EB6B1100814BB3 /* tipTests.swift */,
				F9F72E2624EB6B1100814BB3 /* Info.plist */,
			);
			path = tipTests;
			sourceTree = "<group>";
		};
		F9F72E2E24EB6B1100814BB3 /* tipUITests */ = {
			isa = PBXGroup;
			children = (
				F9F72E2F24EB6B1100814BB3 /* tipUITests.swift */,
				F9F72E3124EB6B1100814BB3 /* Info.plist */,
			);
			path = tipUITests;
			sourceTree = "<group>";
		};
/* End PBXGroup section */

/* Begin PBXNativeTarget section */
		F9F72E0924EB6B0F00814BB3 /* tip */ = {
			isa = PBXNativeTarget;
			buildConfigurationList = F9F72E3424EB6B1100814BB3 /* Build configuration list for PBXNativeTarget "tip" */;
			buildPhases = (
				F9F72E0624EB6B0F00814BB3 /* Sources */,
				F9F72E0724EB6B0F00814BB3 /* Frameworks */,
				F9F72E0824EB6B0F00814BB3 /* Resources */,
			);
			buildRules = (
			);
			dependencies = (
			);
			name = tip;
			productName = tip;
			productReference = F9F72E0A24EB6B0F00814BB3 /* tip.app */;
			productType = "com.apple.product-type.application";
		};
		F9F72E1F24EB6B1100814BB3 /* tipTests */ = {
			isa = PBXNativeTarget;
			buildConfigurationList = F9F72E3724EB6B1100814BB3 /* Build configuration list for PBXNativeTarget "tipTests" */;
			buildPhases = (
				F9F72E1C24EB6B1100814BB3 /* Sources */,
				F9F72E1D24EB6B1100814BB3 /* Frameworks */,
				F9F72E1E24EB6B1100814BB3 /* Resources */,
			);
			buildRules = (
			);
			dependencies = (
				F9F72E2224EB6B1100814BB3 /* PBXTargetDependency */,
			);
			name = tipTests;
			productName = tipTests;
			productReference = F9F72E2024EB6B1100814BB3 /* tipTests.xctest */;
			productType = "com.apple.product-type.bundle.unit-test";
		};
		F9F72E2A24EB6B1100814BB3 /* tipUITests */ = {
			isa = PBXNativeTarget;
			buildConfigurationList = F9F72E3A24EB6B1100814BB3 /* Build configuration list for PBXNativeTarget "tipUITests" */;
			buildPhases = (
				F9F72E2724EB6B1100814BB3 /* Sources */,
				F9F72E2824EB6B1100814BB3 /* Frameworks */,
				F9F72E2924EB6B1100814BB3 /* Resources */,
			);
			buildRules = (
			);
			dependencies = (
				F9F72E2D24EB6B1100814BB3 /* PBXTargetDependency */,
			);
			name = tipUITests;
			productName = tipUITests;
			productReference = F9F72E2B24EB6B1100814BB3 /* tipUITests.xctest */;
			productType = "com.apple.product-type.bundle.ui-testing";
		};
/* End PBXNativeTarget section */

/* Begin PBXProject section */
		F9F72E0224EB6B0F00814BB3 /* Project object */ = {
			isa = PBXProject;
			attributes = {
				LastSwiftUpdateCheck = 1160;
				LastUpgradeCheck = 1160;
				ORGANIZATIONNAME = Codepath;
				TargetAttributes = {
					F9F72E0924EB6B0F00814BB3 = {
						CreatedOnToolsVersion = 11.6;
					};
					F9F72E1F24EB6B1100814BB3 = {
						CreatedOnToolsVersion = 11.6;
						TestTargetID = F9F72E0924EB6B0F00814BB3;
					};
					F9F72E2A24EB6B1100814BB3 = {
						CreatedOnToolsVersion = 11.6;
						TestTargetID = F9F72E0924EB6B0F00814BB3;
					};
				};
			};
			buildConfigurationList = F9F72E0524EB6B0F00814BB3 /* Build configuration list for PBXProject "tip" */;
			compatibilityVersion = "Xcode 9.3";
			developmentRegion = en;
			hasScannedForEncodings = 0;
			knownRegions = (
				en,
				Base,
			);
			mainGroup = F9F72E0124EB6B0F00814BB3;
			productRefGroup = F9F72E0B24EB6B0F00814BB3 /* Products */;
			projectDirPath = "";
			projectRoot = "";
			targets = (
				F9F72E0924EB6B0F00814BB3 /* tip */,
				F9F72E1F24EB6B1100814BB3 /* tipTests */,
				F9F72E2A24EB6B1100814BB3 /* tipUITests */,
			);
		};
/* End PBXProject section */

/* Begin PBXResourcesBuildPhase section */
		F9F72E0824EB6B0F00814BB3 /* Resources */ = {
			isa = PBXResourcesBuildPhase;
			buildActionMask = 2147483647;
			files = (
				F9F72E1A24EB6B1100814BB3 /* LaunchScreen.storyboard in Resources */,
				F9F72E1724EB6B1100814BB3 /* Assets.xcassets in Resources */,
				F9F72E1524EB6B0F00814BB3 /* Main.storyboard in Resources */,
			);
			runOnlyForDeploymentPostprocessing = 0;
		};
		F9F72E1E24EB6B1100814BB3 /* Resources */ = {
			isa = PBXResourcesBuildPhase;
			buildActionMask = 2147483647;
			files = (
			);
			runOnlyForDeploymentPostprocessing = 0;
		};
		F9F72E2924EB6B1100814BB3 /* Resources */ = {
			isa = PBXResourcesBuildPhase;
			buildActionMask = 2147483647;
			files = (
			);
			runOnlyForDeploymentPostprocessing = 0;
		};
/* End PBXResourcesBuildPhase section */

/* Begin PBXSourcesBuildPhase section */
		F9F72E0624EB6B0F00814BB3 /* Sources */ = {
			isa = PBXSourcesBuildPhase;
			buildActionMask = 2147483647;
			files = (
				F9F72E1224EB6B0F00814BB3 /* ViewController.swift in Sources */,
				F9F72E0E24EB6B0F00814BB3 /* AppDelegate.swift in Sources */,
				F9F72E1024EB6B0F00814BB3 /* SceneDelegate.swift in Sources */,
			);
			runOnlyForDeploymentPostprocessing = 0;
		};
		F9F72E1C24EB6B1100814BB3 /* Sources */ = {
			isa = PBXSourcesBuildPhase;
			buildActionMask = 2147483647;
			files = (
				F9F72E2524EB6B1100814BB3 /* tipTests.swift in Sources */,
			);
			runOnlyForDeploymentPostprocessing = 0;
		};
		F9F72E2724EB6B1100814BB3 /* Sources */ = {
			isa = PBXSourcesBuildPhase;
			buildActionMask = 2147483647;
			files = (
				F9F72E3024EB6B1100814BB3 /* tipUITests.swift in Sources */,
			);
			runOnlyForDeploymentPostprocessing = 0;
		};
/* End PBXSourcesBuildPhase section */

/* Begin PBXTargetDependency section */
		F9F72E2224EB6B1100814BB3 /* PBXTargetDependency */ = {
			isa = PBXTargetDependency;
			target = F9F72E0924EB6B0F00814BB3 /* tip */;
			targetProxy = F9F72E2124EB6B1100814BB3 /* PBXContainerItemProxy */;
		};
		F9F72E2D24EB6B1100814BB3 /* PBXTargetDependency */ = {
			isa = PBXTargetDependency;
			target = F9F72E0924EB6B0F00814BB3 /* tip */;
			targetProxy = F9F72E2C24EB6B1100814BB3 /* PBXContainerItemProxy */;
		};
/* End PBXTargetDependency section */

/* Begin PBXVariantGroup section */
		F9F72E1324EB6B0F00814BB3 /* Main.storyboard */ = {
			isa = PBXVariantGroup;
			children = (
				F9F72E1424EB6B0F00814BB3 /* Base */,
			);
			name = Main.storyboard;
			sourceTree = "<group>";
		};
		F9F72E1824EB6B1100814BB3 /* LaunchScreen.storyboard */ = {
			isa = PBXVariantGroup;
			children = (
				F9F72E1924EB6B1100814BB3 /* Base */,
			);
			name = LaunchScreen.storyboard;
			sourceTree = "<group>";
		};
/* End PBXVariantGroup section */

/* Begin XCBuildConfiguration section */
		F9F72E3224EB6B1100814BB3 /* Debug */ = {
			isa = XCBuildConfiguration;
			buildSettings = {
				ALWAYS_SEARCH_USER_PATHS = NO;
				CLANG_ANALYZER_NONNULL = YES;
				CLANG_ANALYZER_NUMBER_OBJECT_CONVERSION = YES_AGGRESSIVE;
				CLANG_CXX_LANGUAGE_STANDARD = "gnu++14";
				CLANG_CXX_LIBRARY = "libc++";
				CLANG_ENABLE_MODULES = YES;
				CLANG_ENABLE_OBJC_ARC = YES;
				CLANG_ENABLE_OBJC_WEAK = YES;
				CLANG_WARN_BLOCK_CAPTURE_AUTORELEASING = YES;
				CLANG_WARN_BOOL_CONVERSION = YES;
				CLANG_WARN_COMMA = YES;
				CLANG_WARN_CONSTANT_CONVERSION = YES;
				CLANG_WARN_DEPRECATED_OBJC_IMPLEMENTATIONS = YES;
				CLANG_WARN_DIRECT_OBJC_ISA_USAGE = YES_ERROR;
				CLANG_WARN_DOCUMENTATION_COMMENTS = YES;
				CLANG_WARN_EMPTY_BODY = YES;
				CLANG_WARN_ENUM_CONVERSION = YES;
				CLANG_WARN_INFINITE_RECURSION = YES;
				CLANG_WARN_INT_CONVERSION = YES;
				CLANG_WARN_NON_LITERAL_NULL_CONVERSION = YES;
				CLANG_WARN_OBJC_IMPLICIT_RETAIN_SELF = YES;
				CLANG_WARN_OBJC_LITERAL_CONVERSION = YES;
				CLANG_WARN_OBJC_ROOT_CLASS = YES_ERROR;
				CLANG_WARN_RANGE_LOOP_ANALYSIS = YES;
				CLANG_WARN_STRICT_PROTOTYPES = YES;
				CLANG_WARN_SUSPICIOUS_MOVE = YES;
				CLANG_WARN_UNGUARDED_AVAILABILITY = YES_AGGRESSIVE;
				CLANG_WARN_UNREACHABLE_CODE = YES;
				CLANG_WARN__DUPLICATE_METHOD_MATCH = YES;
				COPY_PHASE_STRIP = NO;
				DEBUG_INFORMATION_FORMAT = dwarf;
				ENABLE_STRICT_OBJC_MSGSEND = YES;
				ENABLE_TESTABILITY = YES;
				GCC_C_LANGUAGE_STANDARD = gnu11;
				GCC_DYNAMIC_NO_PIC = NO;
				GCC_NO_COMMON_BLOCKS = YES;
				GCC_OPTIMIZATION_LEVEL = 0;
				GCC_PREPROCESSOR_DEFINITIONS = (
					"DEBUG=1",
					"$(inherited)",
				);
				GCC_WARN_64_TO_32_BIT_CONVERSION = YES;
				GCC_WARN_ABOUT_RETURN_TYPE = YES_ERROR;
				GCC_WARN_UNDECLARED_SELECTOR = YES;
				GCC_WARN_UNINITIALIZED_AUTOS = YES_AGGRESSIVE;
				GCC_WARN_UNUSED_FUNCTION = YES;
				GCC_WARN_UNUSED_VARIABLE = YES;
				IPHONEOS_DEPLOYMENT_TARGET = 13.6;
				MTL_ENABLE_DEBUG_INFO = INCLUDE_SOURCE;
				MTL_FAST_MATH = YES;
				ONLY_ACTIVE_ARCH = YES;
				SDKROOT = iphoneos;
				SWIFT_ACTIVE_COMPILATION_CONDITIONS = DEBUG;
				SWIFT_OPTIMIZATION_LEVEL = "-Onone";
			};
			name = Debug;
		};
		F9F72E3324EB6B1100814BB3 /* Release */ = {
			isa = XCBuildConfiguration;
			buildSettings = {
				ALWAYS_SEARCH_USER_PATHS = NO;
				CLANG_ANALYZER_NONNULL = YES;
				CLANG_ANALYZER_NUMBER_OBJECT_CONVERSION = YES_AGGRESSIVE;
				CLANG_CXX_LANGUAGE_STANDARD = "gnu++14";
				CLANG_CXX_LIBRARY = "libc++";
				CLANG_ENABLE_MODULES = YES;
				CLANG_ENABLE_OBJC_ARC = YES;
				CLANG_ENABLE_OBJC_WEAK = YES;
				CLANG_WARN_BLOCK_CAPTURE_AUTORELEASING = YES;
				CLANG_WARN_BOOL_CONVERSION = YES;
				CLANG_WARN_COMMA = YES;
				CLANG_WARN_CONSTANT_CONVERSION = YES;
				CLANG_WARN_DEPRECATED_OBJC_IMPLEMENTATIONS = YES;
				CLANG_WARN_DIRECT_OBJC_ISA_USAGE = YES_ERROR;
				CLANG_WARN_DOCUMENTATION_COMMENTS = YES;
				CLANG_WARN_EMPTY_BODY = YES;
				CLANG_WARN_ENUM_CONVERSION = YES;
				CLANG_WARN_INFINITE_RECURSION = YES;
				CLANG_WARN_INT_CONVERSION = YES;
				CLANG_WARN_NON_LITERAL_NULL_CONVERSION = YES;
				CLANG_WARN_OBJC_IMPLICIT_RETAIN_SELF = YES;
				CLANG_WARN_OBJC_LITERAL_CONVERSION = YES;
				CLANG_WARN_OBJC_ROOT_CLASS = YES_ERROR;
				CLANG_WARN_RANGE_LOOP_ANALYSIS = YES;
				CLANG_WARN_STRICT_PROTOTYPES = YES;
				CLANG_WARN_SUSPICIOUS_MOVE = YES;
				CLANG_WARN_UNGUARDED_AVAILABILITY = YES_AGGRESSIVE;
				CLANG_WARN_UNREACHABLE_CODE = YES;
				CLANG_WARN__DUPLICATE_METHOD_MATCH = YES;
				COPY_PHASE_STRIP = NO;
				DEBUG_INFORMATION_FORMAT = "dwarf-with-dsym";
				ENABLE_NS_ASSERTIONS = NO;
				ENABLE_STRICT_OBJC_MSGSEND = YES;
				GCC_C_LANGUAGE_STANDARD = gnu11;
				GCC_NO_COMMON_BLOCKS = YES;
				GCC_WARN_64_TO_32_BIT_CONVERSION = YES;
				GCC_WARN_ABOUT_RETURN_TYPE = YES_ERROR;
				GCC_WARN_UNDECLARED_SELECTOR = YES;
				GCC_WARN_UNINITIALIZED_AUTOS = YES_AGGRESSIVE;
				GCC_WARN_UNUSED_FUNCTION = YES;
				GCC_WARN_UNUSED_VARIABLE = YES;
				IPHONEOS_DEPLOYMENT_TARGET = 13.6;
				MTL_ENABLE_DEBUG_INFO = NO;
				MTL_FAST_MATH = YES;
				SDKROOT = iphoneos;
				SWIFT_COMPILATION_MODE = wholemodule;
				SWIFT_OPTIMIZATION_LEVEL = "-O";
				VALIDATE_PRODUCT = YES;
			};
			name = Release;
		};
		F9F72E3524EB6B1100814BB3 /* Debug */ = {
			isa = XCBuildConfiguration;
			buildSettings = {
				ASSETCATALOG_COMPILER_APPICON_NAME = AppIcon;
				CODE_SIGN_STYLE = Automatic;
				INFOPLIST_FILE = tip/Info.plist;
				LD_RUNPATH_SEARCH_PATHS = (
					"$(inherited)",
					"@executable_path/Frameworks",
				);
				PRODUCT_BUNDLE_IDENTIFIER = Codepath.tip;
				PRODUCT_NAME = "$(TARGET_NAME)";
				SWIFT_VERSION = 5.0;
				TARGETED_DEVICE_FAMILY = "1,2";
			};
			name = Debug;
		};
		F9F72E3624EB6B1100814BB3 /* Release */ = {
			isa = XCBuildConfiguration;
			buildSettings = {
				ASSETCATALOG_COMPILER_APPICON_NAME = AppIcon;
				CODE_SIGN_STYLE = Automatic;
				INFOPLIST_FILE = tip/Info.plist;
				LD_RUNPATH_SEARCH_PATHS = (
					"$(inherited)",
					"@executable_path/Frameworks",
				);
				PRODUCT_BUNDLE_IDENTIFIER = Codepath.tip;
				PRODUCT_NAME = "$(TARGET_NAME)";
				SWIFT_VERSION = 5.0;
				TARGETED_DEVICE_FAMILY = "1,2";
			};
			name = Release;
		};
		F9F72E3824EB6B1100814BB3 /* Debug */ = {
			isa = XCBuildConfiguration;
			buildSettings = {
				ALWAYS_EMBED_SWIFT_STANDARD_LIBRARIES = YES;
				BUNDLE_LOADER = "$(TEST_HOST)";
				CODE_SIGN_STYLE = Automatic;
				INFOPLIST_FILE = tipTests/Info.plist;
				IPHONEOS_DEPLOYMENT_TARGET = 13.6;
				LD_RUNPATH_SEARCH_PATHS = (
					"$(inherited)",
					"@executable_path/Frameworks",
					"@loader_path/Frameworks",
				);
				PRODUCT_BUNDLE_IDENTIFIER = Codepath.tipTests;
				PRODUCT_NAME = "$(TARGET_NAME)";
				SWIFT_VERSION = 5.0;
				TARGETED_DEVICE_FAMILY = "1,2";
				TEST_HOST = "$(BUILT_PRODUCTS_DIR)/tip.app/tip";
			};
			name = Debug;
		};
		F9F72E3924EB6B1100814BB3 /* Release */ = {
			isa = XCBuildConfiguration;
			buildSettings = {
				ALWAYS_EMBED_SWIFT_STANDARD_LIBRARIES = YES;
				BUNDLE_LOADER = "$(TEST_HOST)";
				CODE_SIGN_STYLE = Automatic;
				INFOPLIST_FILE = tipTests/Info.plist;
				IPHONEOS_DEPLOYMENT_TARGET = 13.6;
				LD_RUNPATH_SEARCH_PATHS = (
					"$(inherited)",
					"@executable_path/Frameworks",
					"@loader_path/Frameworks",
				);
				PRODUCT_BUNDLE_IDENTIFIER = Codepath.tipTests;
				PRODUCT_NAME = "$(TARGET_NAME)";
				SWIFT_VERSION = 5.0;
				TARGETED_DEVICE_FAMILY = "1,2";
				TEST_HOST = "$(BUILT_PRODUCTS_DIR)/tip.app/tip";
			};
			name = Release;
		};
		F9F72E3B24EB6B1100814BB3 /* Debug */ = {
			isa = XCBuildConfiguration;
			buildSettings = {
				ALWAYS_EMBED_SWIFT_STANDARD_LIBRARIES = YES;
				CODE_SIGN_STYLE = Automatic;
				INFOPLIST_FILE = tipUITests/Info.plist;
				LD_RUNPATH_SEARCH_PATHS = (
					"$(inherited)",
					"@executable_path/Frameworks",
					"@loader_path/Frameworks",
				);
				PRODUCT_BUNDLE_IDENTIFIER = Codepath.tipUITests;
				PRODUCT_NAME = "$(TARGET_NAME)";
				SWIFT_VERSION = 5.0;
				TARGETED_DEVICE_FAMILY = "1,2";
				TEST_TARGET_NAME = tip;
			};
			name = Debug;
		};
		F9F72E3C24EB6B1100814BB3 /* Release */ = {
			isa = XCBuildConfiguration;
			buildSettings = {
				ALWAYS_EMBED_SWIFT_STANDARD_LIBRARIES = YES;
				CODE_SIGN_STYLE = Automatic;
				INFOPLIST_FILE = tipUITests/Info.plist;
				LD_RUNPATH_SEARCH_PATHS = (
					"$(inherited)",
					"@executable_path/Frameworks",
					"@loader_path/Frameworks",
				);
				PRODUCT_BUNDLE_IDENTIFIER = Codepath.tipUITests;
				PRODUCT_NAME = "$(TARGET_NAME)";
				SWIFT_VERSION = 5.0;
				TARGETED_DEVICE_FAMILY = "1,2";
				TEST_TARGET_NAME = tip;
			};
			name = Release;
		};
/* End XCBuildConfiguration section */

/* Begin XCConfigurationList section */
		F9F72E0524EB6B0F00814BB3 /* Build configuration list for PBXProject "tip" */ = {
			isa = XCConfigurationList;
			buildConfigurations = (
				F9F72E3224EB6B1100814BB3 /* Debug */,
				F9F72E3324EB6B1100814BB3 /* Release */,
			);
			defaultConfigurationIsVisible = 0;
			defaultConfigurationName = Release;
		};
		F9F72E3424EB6B1100814BB3 /* Build configuration list for PBXNativeTarget "tip" */ = {
			isa = XCConfigurationList;
			buildConfigurations = (
				F9F72E3524EB6B1100814BB3 /* Debug */,
				F9F72E3624EB6B1100814BB3 /* Release */,
			);
			defaultConfigurationIsVisible = 0;
			defaultConfigurationName = Release;
		};
		F9F72E3724EB6B1100814BB3 /* Build configuration list for PBXNativeTarget "tipTests" */ = {
			isa = XCConfigurationList;
			buildConfigurations = (
				F9F72E3824EB6B1100814BB3 /* Debug */,
				F9F72E3924EB6B1100814BB3 /* Release */,
			);
			defaultConfigurationIsVisible = 0;
			defaultConfigurationName = Release;
		};
		F9F72E3A24EB6B1100814BB3 /* Build configuration list for PBXNativeTarget "tipUITests" */ = {
			isa = XCConfigurationList;
			buildConfigurations = (
				F9F72E3B24EB6B1100814BB3 /* Debug */,
				F9F72E3C24EB6B1100814BB3 /* Release */,
			);
			defaultConfigurationIsVisible = 0;
			defaultConfigurationName = Release;
		};
/* End XCConfigurationList section */
	};
	rootObject = F9F72E0224EB6B0F00814BB3 /* Project object */;
}
